
Microsoft Visual Studio Solution File, Format Version 12.00
# Visual Studio Version 16
VisualStudioVersion = 16.0.33927.289
MinimumVisualStudioVersion = 10.0.40219.1
Project("{2150E333-8FDC-42A3-9474-1A3956D46DE8}") = "Task0", "Task0", "{6BE71AC7-18C8-410C-BFFC-754638318756}"
EndProject
Project("{FAE04EC0-301F-11D3-BF4B-00C04F79EFBC}") = "Tyuiu.MikhailovNS.Sprint2.Task0.V22", "Tyuiu.MikhailovNS.Sprint2.Task0.V22\Tyuiu.MikhailovNS.Sprint2.Task0.V22.csproj", "{278D8A1E-69EA-4304-A5FD-4513A36329F9}"
EndProject
Project("{FAE04EC0-301F-11D3-BF4B-00C04F79EFBC}") = "Tyuiu.MikhailovNS.Sprint2.Task0.V22.Test", "Tyuiu.MikhailovNS.Sprint2.Task0.V22.Test\Tyuiu.MikhailovNS.Sprint2.Task0.V22.Test.csproj", "{C34FCC83-99F5-456E-AD39-E802105B8D73}"
EndProject
Project("{FAE04EC0-301F-11D3-BF4B-00C04F79EFBC}") = "Tyuiu.MikhailovNS.Sprint2.Task0.V22.Lib", "Tyuiu.MikhailovNS.Sprint2.Task0.V22.Lib\Tyuiu.MikhailovNS.Sprint2.Task0.V22.Lib.csproj", "{FAAAD05A-FF09-46BE-8763-C7D00C95BA58}"
EndProject
Project("{2150E333-8FDC-42A3-9474-1A3956D46DE8}") = "Task1", "Task1", "{062C3C7C-08B1-4BF8-9A09-E99886B8A17B}"
EndProject
Project("{FAE04EC0-301F-11D3-BF4B-00C04F79EFBC}") = "Tyuiu.MikhailovNS.Sprint2.Task1.V3", "Tyuiu.MikhailovNS.Sprint2.Task1.V3\Tyuiu.MikhailovNS.Sprint2.Task1.V3.csproj", "{8A5D620B-50DC-4471-BC7C-ACB9A79970FB}"
EndProject
Project("{FAE04EC0-301F-11D3-BF4B-00C04F79EFBC}") = "Tyuiu.MikhailovNS.Sprint2.Task1.V3.Test", "Tyuiu.MikhailovNS.Sprint2.Task1.V3.Test\Tyuiu.MikhailovNS.Sprint2.Task1.V3.Test.csproj", "{B807DFED-54AB-4BD5-B328-5D0528CA2E45}"
EndProject
Project("{FAE04EC0-301F-11D3-BF4B-00C04F79EFBC}") = "Tyuiu.MikhailovNS.Sprint2.Task1.V3.Lib", "Tyuiu.MikhailovNS.Sprint2.Task1.V3.Lib\Tyuiu.MikhailovNS.Sprint2.Task1.V3.Lib.csproj", "{85831542-224E-48D5-ABEF-45BFF8B7E4F9}"
EndProject
Project("{2150E333-8FDC-42A3-9474-1A3956D46DE8}") = "Task2", "Task2", "{6A44DFAD-45B8-437F-BAC7-293356C7563A}"
EndProject
Project("{FAE04EC0-301F-11D3-BF4B-00C04F79EFBC}") = "Tyuiu.MikhailovNS.Sprint2.Task2.V9", "Tyuiu.MikhailovNS.Sprint2.Task2.V9\Tyuiu.MikhailovNS.Sprint2.Task2.V9.csproj", "{B15FB6BB-DA95-4030-AC1D-02191FEEAD24}"
EndProject
Project("{FAE04EC0-301F-11D3-BF4B-00C04F79EFBC}") = "Tyuiu.MikhailovNS.Sprint2.Task2.V9.Lib", "Tyuiu.MikhailovNS.Sprint2.Task2.V9.Lib\Tyuiu.MikhailovNS.Sprint2.Task2.V9.Lib.csproj", "{4E2E6A24-A9D5-472B-8659-E84E043204BD}"
EndProject
Project("{FAE04EC0-301F-11D3-BF4B-00C04F79EFBC}") = "Tyuiu.MikhailovNS.Sprint2.Task2.V9.Test", "Tyuiu.MikhailovNS.Sprint2.Task2.V9.Test\Tyuiu.MikhailovNS.Sprint2.Task2.V9.Test.csproj", "{2F810B71-952F-4108-96A6-8AB6E942C54D}"
EndProject
Project("{2150E333-8FDC-42A3-9474-1A3956D46DE8}") = "Task3", "Task3", "{53746527-6E6B-4E10-84AE-F0143CF211AC}"
EndProject
Project("{FAE04EC0-301F-11D3-BF4B-00C04F79EFBC}") = "Tyuiu.MikhailovNS.Sprint2.Task3.V10", "Tyuiu.MikhailovNS.Sprint2.Task3.V10\Tyuiu.MikhailovNS.Sprint2.Task3.V10.csproj", "{0901BA41-7301-41B7-BCBE-30D91C7FA2D5}"
EndProject
Project("{FAE04EC0-301F-11D3-BF4B-00C04F79EFBC}") = "Tyuiu.MikhailovNS.Sprint2.Task3.V10.Test", "Tyuiu.MikhailovNS.Sprint2.Task3.V10.Test\Tyuiu.MikhailovNS.Sprint2.Task3.V10.Test.csproj", "{0FAAC36C-8A85-4272-A9B7-2D296B3073EF}"
EndProject
Project("{FAE04EC0-301F-11D3-BF4B-00C04F79EFBC}") = "Tyuiu.MikhailovNS.Sprint2.Task3.V10.Lib", "Tyuiu.MikhailovNS.Sprint2.Task3.V10.Lib\Tyuiu.MikhailovNS.Sprint2.Task3.V10.Lib.csproj", "{68754871-B57A-415D-8427-7E3EC16FE4D5}"
EndProject
Project("{2150E333-8FDC-42A3-9474-1A3956D46DE8}") = "Task4", "Task4", "{0800FB4C-3ADC-4E87-8D09-1D2793A5BE16}"
EndProject
Project("{FAE04EC0-301F-11D3-BF4B-00C04F79EFBC}") = "Tyuiu.MikhailovNS.Sprint2.Task4.V2", "Tyuiu.MikhailovNS.Sprint2\Tyuiu.MikhailovNS.Sprint2.Task4.V2.csproj", "{AEB78DFF-11D3-48E9-BF92-5CC47AC6C1DA}"
EndProject
Project("{FAE04EC0-301F-11D3-BF4B-00C04F79EFBC}") = "Tyuiu.MikhailovNS.Sprint2.Task4.V2.Lib", "Tyuiu.MikhailovNS.Sprint2.Task4.V2.Lib\Tyuiu.MikhailovNS.Sprint2.Task4.V2.Lib.csproj", "{EE2E2046-7961-4147-B92A-AC59C91FE6B2}"
EndProject
Project("{FAE04EC0-301F-11D3-BF4B-00C04F79EFBC}") = "Tyuiu.MikhailovNS.Sprint2.Task4.V2.Test", "Tyuiu.MikhailovNS.Sprint2.Task4.V2.Test\Tyuiu.MikhailovNS.Sprint2.Task4.V2.Test.csproj", "{BFD1C1C6-6605-48AC-92FC-89C26AF89CCF}"
EndProject
Project("{2150E333-8FDC-42A3-9474-1A3956D46DE8}") = "Task5", "Task5", "{D36B77C9-15DA-4444-8AD5-BC2DECB474C8}"
EndProject
Project("{FAE04EC0-301F-11D3-BF4B-00C04F79EFBC}") = "Tyuiu.MikhailovNS.Sprint2.Task5.V1", "Tyuiu.MikhailovNS.Sprint2.Task5.V1\Tyuiu.MikhailovNS.Sprint2.Task5.V1.csproj", "{09C357C3-D02C-44D2-B127-E92A8DDAE3B6}"
EndProject
Project("{FAE04EC0-301F-11D3-BF4B-00C04F79EFBC}") = "Tyuiu.MikhailovNS.Sprint2.Task5.V1.Lib", "Tyuiu.MikhailovNS.Sprint2.Task5.V1.Lib\Tyuiu.MikhailovNS.Sprint2.Task5.V1.Lib.csproj", "{BA5C8B19-3A2F-46A1-8C0E-EAF78D4CD962}"
EndProject
Project("{FAE04EC0-301F-11D3-BF4B-00C04F79EFBC}") = "Tyuiu.MikhailovNS.Sprint2.Task5.V1.Test", "Tyuiu.MikhailovNS.Sprint2.Task5.V1.Test\Tyuiu.MikhailovNS.Sprint2.Task5.V1.Test.csproj", "{A33C0186-0E8C-4E1B-899E-215894901E09}"
EndProject
Project("{2150E333-8FDC-42A3-9474-1A3956D46DE8}") = "Task6", "Task6", "{57946224-06C4-4479-B33F-05D5ED2AD59B}"
EndProject
Project("{FAE04EC0-301F-11D3-BF4B-00C04F79EFBC}") = "Tyuiu.MikhailovNS.Sprint2.Task6.V13", "Tyuiu.MikhailovNS.Sprint2.Task6.V13\Tyuiu.MikhailovNS.Sprint2.Task6.V13.csproj", "{A9A2E494-6AED-4170-AE10-27B6221F82FB}"
EndProject
Project("{FAE04EC0-301F-11D3-BF4B-00C04F79EFBC}") = "Tyuiu.MikhailovNS.Sprint2.Task6.V13.Test", "Tyuiu.MikhailovNS.Sprint2.Task6.V13.Test\Tyuiu.MikhailovNS.Sprint2.Task6.V13.Test.csproj", "{F3E1CB2A-26DF-4B93-B482-AB39FC075F11}"
EndProject
Project("{FAE04EC0-301F-11D3-BF4B-00C04F79EFBC}") = "Tyuiu.MikhailovNS.Sprint2.Task6.V13.Lib", "Tyuiu.MikhailovNS.Sprint2.Task6.V13.Lib\Tyuiu.MikhailovNS.Sprint2.Task6.V13.Lib.csproj", "{8A078353-D53C-4CF0-8D68-8D62187D01F4}"
EndProject
Project("{2150E333-8FDC-42A3-9474-1A3956D46DE8}") = "Task7", "Task7", "{38E2520C-F105-4335-BE0A-AEBB6EC14369}"
EndProject
Project("{FAE04EC0-301F-11D3-BF4B-00C04F79EFBC}") = "Tyuiu.MikhailovNS.Sprint2.Task7.V12", "Tyuiu.MikhailovNS.Sprint2.Task7.V12\Tyuiu.MikhailovNS.Sprint2.Task7.V12.csproj", "{364AFE12-AE69-4772-9336-E97E810B3A1F}"
EndProject
Project("{FAE04EC0-301F-11D3-BF4B-00C04F79EFBC}") = "Tyuiu.MikhailovNS.Sprint2.Task7.V12.Lib", "Tyuiu.MikhailovNS.Sprint2.Task7.V12.Lib\Tyuiu.MikhailovNS.Sprint2.Task7.V12.Lib.csproj", "{4B3F882D-9190-4EE0-85CC-9F9C627465CE}"
EndProject
Project("{FAE04EC0-301F-11D3-BF4B-00C04F79EFBC}") = "Tyuiu.MikhailovNS.Sprint2.Task7.V12.Test", "Tyuiu.MikhailovNS.Sprint2.Task7.V12.Test\Tyuiu.MikhailovNS.Sprint2.Task7.V12.Test.csproj", "{86082D9C-91C1-4080-AA72-83EAD0CD5AF4}"
EndProject
Global
	GlobalSection(SolutionConfigurationPlatforms) = preSolution
		Debug|Any CPU = Debug|Any CPU
		Release|Any CPU = Release|Any CPU
	EndGlobalSection
	GlobalSection(ProjectConfigurationPlatforms) = postSolution
		{278D8A1E-69EA-4304-A5FD-4513A36329F9}.Debug|Any CPU.ActiveCfg = Debug|Any CPU
		{278D8A1E-69EA-4304-A5FD-4513A36329F9}.Debug|Any CPU.Build.0 = Debug|Any CPU
		{278D8A1E-69EA-4304-A5FD-4513A36329F9}.Release|Any CPU.ActiveCfg = Release|Any CPU
		{278D8A1E-69EA-4304-A5FD-4513A36329F9}.Release|Any CPU.Build.0 = Release|Any CPU
		{C34FCC83-99F5-456E-AD39-E802105B8D73}.Debug|Any CPU.ActiveCfg = Debug|Any CPU
		{C34FCC83-99F5-456E-AD39-E802105B8D73}.Debug|Any CPU.Build.0 = Debug|Any CPU
		{C34FCC83-99F5-456E-AD39-E802105B8D73}.Release|Any CPU.ActiveCfg = Release|Any CPU
		{C34FCC83-99F5-456E-AD39-E802105B8D73}.Release|Any CPU.Build.0 = Release|Any CPU
		{FAAAD05A-FF09-46BE-8763-C7D00C95BA58}.Debug|Any CPU.ActiveCfg = Debug|Any CPU
		{FAAAD05A-FF09-46BE-8763-C7D00C95BA58}.Debug|Any CPU.Build.0 = Debug|Any CPU
		{FAAAD05A-FF09-46BE-8763-C7D00C95BA58}.Release|Any CPU.ActiveCfg = Release|Any CPU
		{FAAAD05A-FF09-46BE-8763-C7D00C95BA58}.Release|Any CPU.Build.0 = Release|Any CPU
		{8A5D620B-50DC-4471-BC7C-ACB9A79970FB}.Debug|Any CPU.ActiveCfg = Debug|Any CPU
		{8A5D620B-50DC-4471-BC7C-ACB9A79970FB}.Debug|Any CPU.Build.0 = Debug|Any CPU
		{8A5D620B-50DC-4471-BC7C-ACB9A79970FB}.Release|Any CPU.ActiveCfg = Release|Any CPU
		{8A5D620B-50DC-4471-BC7C-ACB9A79970FB}.Release|Any CPU.Build.0 = Release|Any CPU
		{B807DFED-54AB-4BD5-B328-5D0528CA2E45}.Debug|Any CPU.ActiveCfg = Debug|Any CPU
		{B807DFED-54AB-4BD5-B328-5D0528CA2E45}.Debug|Any CPU.Build.0 = Debug|Any CPU
		{B807DFED-54AB-4BD5-B328-5D0528CA2E45}.Release|Any CPU.ActiveCfg = Release|Any CPU
		{B807DFED-54AB-4BD5-B328-5D0528CA2E45}.Release|Any CPU.Build.0 = Release|Any CPU
		{85831542-224E-48D5-ABEF-45BFF8B7E4F9}.Debug|Any CPU.ActiveCfg = Debug|Any CPU
		{85831542-224E-48D5-ABEF-45BFF8B7E4F9}.Debug|Any CPU.Build.0 = Debug|Any CPU
		{85831542-224E-48D5-ABEF-45BFF8B7E4F9}.Release|Any CPU.ActiveCfg = Release|Any CPU
		{85831542-224E-48D5-ABEF-45BFF8B7E4F9}.Release|Any CPU.Build.0 = Release|Any CPU
		{B15FB6BB-DA95-4030-AC1D-02191FEEAD24}.Debug|Any CPU.ActiveCfg = Debug|Any CPU
		{B15FB6BB-DA95-4030-AC1D-02191FEEAD24}.Debug|Any CPU.Build.0 = Debug|Any CPU
		{B15FB6BB-DA95-4030-AC1D-02191FEEAD24}.Release|Any CPU.ActiveCfg = Release|Any CPU
		{B15FB6BB-DA95-4030-AC1D-02191FEEAD24}.Release|Any CPU.Build.0 = Release|Any CPU
		{4E2E6A24-A9D5-472B-8659-E84E043204BD}.Debug|Any CPU.ActiveCfg = Debug|Any CPU
		{4E2E6A24-A9D5-472B-8659-E84E043204BD}.Debug|Any CPU.Build.0 = Debug|Any CPU
		{4E2E6A24-A9D5-472B-8659-E84E043204BD}.Release|Any CPU.ActiveCfg = Release|Any CPU
		{4E2E6A24-A9D5-472B-8659-E84E043204BD}.Release|Any CPU.Build.0 = Release|Any CPU
		{2F810B71-952F-4108-96A6-8AB6E942C54D}.Debug|Any CPU.ActiveCfg = Debug|Any CPU
		{2F810B71-952F-4108-96A6-8AB6E942C54D}.Debug|Any CPU.Build.0 = Debug|Any CPU
		{2F810B71-952F-4108-96A6-8AB6E942C54D}.Release|Any CPU.ActiveCfg = Release|Any CPU
		{2F810B71-952F-4108-96A6-8AB6E942C54D}.Release|Any CPU.Build.0 = Release|Any CPU
		{0901BA41-7301-41B7-BCBE-30D91C7FA2D5}.Debug|Any CPU.ActiveCfg = Debug|Any CPU
		{0901BA41-7301-41B7-BCBE-30D91C7FA2D5}.Debug|Any CPU.Build.0 = Debug|Any CPU
		{0901BA41-7301-41B7-BCBE-30D91C7FA2D5}.Release|Any CPU.ActiveCfg = Release|Any CPU
		{0901BA41-7301-41B7-BCBE-30D91C7FA2D5}.Release|Any CPU.Build.0 = Release|Any CPU
		{0FAAC36C-8A85-4272-A9B7-2D296B3073EF}.Debug|Any CPU.ActiveCfg = Debug|Any CPU
		{0FAAC36C-8A85-4272-A9B7-2D296B3073EF}.Debug|Any CPU.Build.0 = Debug|Any CPU
		{0FAAC36C-8A85-4272-A9B7-2D296B3073EF}.Release|Any CPU.ActiveCfg = Release|Any CPU
		{0FAAC36C-8A85-4272-A9B7-2D296B3073EF}.Release|Any CPU.Build.0 = Release|Any CPU
		{68754871-B57A-415D-8427-7E3EC16FE4D5}.Debug|Any CPU.ActiveCfg = Debug|Any CPU
		{68754871-B57A-415D-8427-7E3EC16FE4D5}.Debug|Any CPU.Build.0 = Debug|Any CPU
		{68754871-B57A-415D-8427-7E3EC16FE4D5}.Release|Any CPU.ActiveCfg = Release|Any CPU
		{68754871-B57A-415D-8427-7E3EC16FE4D5}.Release|Any CPU.Build.0 = Release|Any CPU
		{AEB78DFF-11D3-48E9-BF92-5CC47AC6C1DA}.Debug|Any CPU.ActiveCfg = Debug|Any CPU
		{AEB78DFF-11D3-48E9-BF92-5CC47AC6C1DA}.Debug|Any CPU.Build.0 = Debug|Any CPU
		{AEB78DFF-11D3-48E9-BF92-5CC47AC6C1DA}.Release|Any CPU.ActiveCfg = Release|Any CPU
		{AEB78DFF-11D3-48E9-BF92-5CC47AC6C1DA}.Release|Any CPU.Build.0 = Release|Any CPU
		{EE2E2046-7961-4147-B92A-AC59C91FE6B2}.Debug|Any CPU.ActiveCfg = Debug|Any CPU
		{EE2E2046-7961-4147-B92A-AC59C91FE6B2}.Debug|Any CPU.Build.0 = Debug|Any CPU
		{EE2E2046-7961-4147-B92A-AC59C91FE6B2}.Release|Any CPU.ActiveCfg = Release|Any CPU
		{EE2E2046-7961-4147-B92A-AC59C91FE6B2}.Release|Any CPU.Build.0 = Release|Any CPU
		{BFD1C1C6-6605-48AC-92FC-89C26AF89CCF}.Debug|Any CPU.ActiveCfg = Debug|Any CPU
		{BFD1C1C6-6605-48AC-92FC-89C26AF89CCF}.Debug|Any CPU.Build.0 = Debug|Any CPU
		{BFD1C1C6-6605-48AC-92FC-89C26AF89CCF}.Release|Any CPU.ActiveCfg = Release|Any CPU
		{BFD1C1C6-6605-48AC-92FC-89C26AF89CCF}.Release|Any CPU.Build.0 = Release|Any CPU
		{09C357C3-D02C-44D2-B127-E92A8DDAE3B6}.Debug|Any CPU.ActiveCfg = Debug|Any CPU
		{09C357C3-D02C-44D2-B127-E92A8DDAE3B6}.Debug|Any CPU.Build.0 = Debug|Any CPU
		{09C357C3-D02C-44D2-B127-E92A8DDAE3B6}.Release|Any CPU.ActiveCfg = Release|Any CPU
		{09C357C3-D02C-44D2-B127-E92A8DDAE3B6}.Release|Any CPU.Build.0 = Release|Any CPU
		{BA5C8B19-3A2F-46A1-8C0E-EAF78D4CD962}.Debug|Any CPU.ActiveCfg = Debug|Any CPU
		{BA5C8B19-3A2F-46A1-8C0E-EAF78D4CD962}.Debug|Any CPU.Build.0 = Debug|Any CPU
		{BA5C8B19-3A2F-46A1-8C0E-EAF78D4CD962}.Release|Any CPU.ActiveCfg = Release|Any CPU
		{BA5C8B19-3A2F-46A1-8C0E-EAF78D4CD962}.Release|Any CPU.Build.0 = Release|Any CPU
		{A33C0186-0E8C-4E1B-899E-215894901E09}.Debug|Any CPU.ActiveCfg = Debug|Any CPU
		{A33C0186-0E8C-4E1B-899E-215894901E09}.Debug|Any CPU.Build.0 = Debug|Any CPU
		{A33C0186-0E8C-4E1B-899E-215894901E09}.Release|Any CPU.ActiveCfg = Release|Any CPU
		{A33C0186-0E8C-4E1B-899E-215894901E09}.Release|Any CPU.Build.0 = Release|Any CPU
		{A9A2E494-6AED-4170-AE10-27B6221F82FB}.Debug|Any CPU.ActiveCfg = Debug|Any CPU
		{A9A2E494-6AED-4170-AE10-27B6221F82FB}.Debug|Any CPU.Build.0 = Debug|Any CPU
		{A9A2E494-6AED-4170-AE10-27B6221F82FB}.Release|Any CPU.ActiveCfg = Release|Any CPU
		{A9A2E494-6AED-4170-AE10-27B6221F82FB}.Release|Any CPU.Build.0 = Release|Any CPU
		{F3E1CB2A-26DF-4B93-B482-AB39FC075F11}.Debug|Any CPU.ActiveCfg = Debug|Any CPU
		{F3E1CB2A-26DF-4B93-B482-AB39FC075F11}.Debug|Any CPU.Build.0 = Debug|Any CPU
		{F3E1CB2A-26DF-4B93-B482-AB39FC075F11}.Release|Any CPU.ActiveCfg = Release|Any CPU
		{F3E1CB2A-26DF-4B93-B482-AB39FC075F11}.Release|Any CPU.Build.0 = Release|Any CPU
		{8A078353-D53C-4CF0-8D68-8D62187D01F4}.Debug|Any CPU.ActiveCfg = Debug|Any CPU
		{8A078353-D53C-4CF0-8D68-8D62187D01F4}.Debug|Any CPU.Build.0 = Debug|Any CPU
		{8A078353-D53C-4CF0-8D68-8D62187D01F4}.Release|Any CPU.ActiveCfg = Release|Any CPU
		{8A078353-D53C-4CF0-8D68-8D62187D01F4}.Release|Any CPU.Build.0 = Release|Any CPU
		{364AFE12-AE69-4772-9336-E97E810B3A1F}.Debug|Any CPU.ActiveCfg = Debug|Any CPU
		{364AFE12-AE69-4772-9336-E97E810B3A1F}.Debug|Any CPU.Build.0 = Debug|Any CPU
		{364AFE12-AE69-4772-9336-E97E810B3A1F}.Release|Any CPU.ActiveCfg = Release|Any CPU
		{364AFE12-AE69-4772-9336-E97E810B3A1F}.Release|Any CPU.Build.0 = Release|Any CPU
		{4B3F882D-9190-4EE0-85CC-9F9C627465CE}.Debug|Any CPU.ActiveCfg = Debug|Any CPU
		{4B3F882D-9190-4EE0-85CC-9F9C627465CE}.Debug|Any CPU.Build.0 = Debug|Any CPU
		{4B3F882D-9190-4EE0-85CC-9F9C627465CE}.Release|Any CPU.ActiveCfg = Release|Any CPU
		{4B3F882D-9190-4EE0-85CC-9F9C627465CE}.Release|Any CPU.Build.0 = Release|Any CPU
		{86082D9C-91C1-4080-AA72-83EAD0CD5AF4}.Debug|Any CPU.ActiveCfg = Debug|Any CPU
		{86082D9C-91C1-4080-AA72-83EAD0CD5AF4}.Debug|Any CPU.Build.0 = Debug|Any CPU
		{86082D9C-91C1-4080-AA72-83EAD0CD5AF4}.Release|Any CPU.ActiveCfg = Release|Any CPU
		{86082D9C-91C1-4080-AA72-83EAD0CD5AF4}.Release|Any CPU.Build.0 = Release|Any CPU
	EndGlobalSection
	GlobalSection(SolutionProperties) = preSolution
		HideSolutionNode = FALSE
	EndGlobalSection
	GlobalSection(NestedProjects) = preSolution
		{278D8A1E-69EA-4304-A5FD-4513A36329F9} = {6BE71AC7-18C8-410C-BFFC-754638318756}
		{C34FCC83-99F5-456E-AD39-E802105B8D73} = {6BE71AC7-18C8-410C-BFFC-754638318756}
		{FAAAD05A-FF09-46BE-8763-C7D00C95BA58} = {6BE71AC7-18C8-410C-BFFC-754638318756}
		{8A5D620B-50DC-4471-BC7C-ACB9A79970FB} = {062C3C7C-08B1-4BF8-9A09-E99886B8A17B}
		{B807DFED-54AB-4BD5-B328-5D0528CA2E45} = {062C3C7C-08B1-4BF8-9A09-E99886B8A17B}
		{85831542-224E-48D5-ABEF-45BFF8B7E4F9} = {062C3C7C-08B1-4BF8-9A09-E99886B8A17B}
		{B15FB6BB-DA95-4030-AC1D-02191FEEAD24} = {6A44DFAD-45B8-437F-BAC7-293356C7563A}
		{4E2E6A24-A9D5-472B-8659-E84E043204BD} = {6A44DFAD-45B8-437F-BAC7-293356C7563A}
		{2F810B71-952F-4108-96A6-8AB6E942C54D} = {6A44DFAD-45B8-437F-BAC7-293356C7563A}
		{0901BA41-7301-41B7-BCBE-30D91C7FA2D5} = {53746527-6E6B-4E10-84AE-F0143CF211AC}
		{0FAAC36C-8A85-4272-A9B7-2D296B3073EF} = {53746527-6E6B-4E10-84AE-F0143CF211AC}
		{68754871-B57A-415D-8427-7E3EC16FE4D5} = {53746527-6E6B-4E10-84AE-F0143CF211AC}
		{AEB78DFF-11D3-48E9-BF92-5CC47AC6C1DA} = {0800FB4C-3ADC-4E87-8D09-1D2793A5BE16}
		{EE2E2046-7961-4147-B92A-AC59C91FE6B2} = {0800FB4C-3ADC-4E87-8D09-1D2793A5BE16}
		{BFD1C1C6-6605-48AC-92FC-89C26AF89CCF} = {0800FB4C-3ADC-4E87-8D09-1D2793A5BE16}
		{09C357C3-D02C-44D2-B127-E92A8DDAE3B6} = {D36B77C9-15DA-4444-8AD5-BC2DECB474C8}
		{BA5C8B19-3A2F-46A1-8C0E-EAF78D4CD962} = {D36B77C9-15DA-4444-8AD5-BC2DECB474C8}
		{A33C0186-0E8C-4E1B-899E-215894901E09} = {D36B77C9-15DA-4444-8AD5-BC2DECB474C8}
		{A9A2E494-6AED-4170-AE10-27B6221F82FB} = {57946224-06C4-4479-B33F-05D5ED2AD59B}
		{F3E1CB2A-26DF-4B93-B482-AB39FC075F11} = {57946224-06C4-4479-B33F-05D5ED2AD59B}
		{8A078353-D53C-4CF0-8D68-8D62187D01F4} = {57946224-06C4-4479-B33F-05D5ED2AD59B}
		{364AFE12-AE69-4772-9336-E97E810B3A1F} = {38E2520C-F105-4335-BE0A-AEBB6EC14369}
		{4B3F882D-9190-4EE0-85CC-9F9C627465CE} = {38E2520C-F105-4335-BE0A-AEBB6EC14369}
		{86082D9C-91C1-4080-AA72-83EAD0CD5AF4} = {38E2520C-F105-4335-BE0A-AEBB6EC14369}
	EndGlobalSection
	GlobalSection(ExtensibilityGlobals) = postSolution
		SolutionGuid = {6BF9DCFB-050B-4FAB-9F93-CF236244E3A2}
	EndGlobalSection
EndGlobal
